
Microsoft Visual Studio Solution File, Format Version 12.00
Project("{FAE04EC0-301F-11D3-BF4B-00C04F79EFBC}") = "PriorityTaskScheduler", "PriorityTaskScheduler.csproj", "{43776E9F-F319-4E9A-959F-08FFBB6AA22C}"
EndProject
Global
	GlobalSection(SolutionConfigurationPlatforms) = preSolution
		Debug|Any CPU = Debug|Any CPU
		Release|Any CPU = Release|Any CPU
	EndGlobalSection
	GlobalSection(ProjectConfigurationPlatforms) = postSolution
		{43776E9F-F319-4E9A-959F-08FFBB6AA22C}.Debug|Any CPU.ActiveCfg = Debug|Any CPU
		{43776E9F-F319-4E9A-959F-08FFBB6AA22C}.Debug|Any CPU.Build.0 = Debug|Any CPU
		{43776E9F-F319-4E9A-959F-08FFBB6AA22C}.Release|Any CPU.ActiveCfg = Release|Any CPU
		{43776E9F-F319-4E9A-959F-08FFBB6AA22C}.Release|Any CPU.Build.0 = Release|Any CPU
	EndGlobalSection
EndGlobal
